# THIS IS AN AUTOGENERATED FILE. DO NOT EDIT THIS FILE DIRECTLY.
# yarn lockfile v1


"@types/js-image-zoom@^0.7.0":
  version "0.7.0"
  resolved "https://registry.yarnpkg.com/@types/js-image-zoom/-/js-image-zoom-0.7.0.tgz#68f27388dd023fd1fb4a7270f2ba5ee0ac40b767"
  integrity sha512-ZBuEf29pGUahqPg64bhUN8O3oQglsIKnBEU2FB5AfN2OUBinaaRRDFekkDLIm3vAkvbraXlvR+fzWA18FzYzrw==

js-image-zoom@^0.7.0:
  version "0.7.0"
  resolved "https://registry.yarnpkg.com/js-image-zoom/-/js-image-zoom-0.7.0.tgz#9cea6e7a4da1feae99e7433dc58fdc31f05a977f"
  integrity sha512-csvn2FmRLjVz5O9AtXGRPKy0Khfcf5n2Vuyg1NyOVylcjzJ6IKN60JmZ/d5rVQvMya9V6tqAaCqj/c20PlUYpQ==
